
Microsoft Visual Studio Solution File, Format Version 12.00
# Visual Studio Version 17
VisualStudioVersion = 17.8.34525.116
MinimumVisualStudioVersion = 10.0.40219.1
Project("{9A19103F-16F7-4668-BE54-9A1E7A4F7556}") = "NNGame", "NNGame\NNGame.csproj", "{A4DFA5F2-6113-4F8A-A6C8-80603F15DC4E}"
EndProject
Global
	GlobalSection(SolutionConfigurationPlatforms) = preSolution
		Debug|Any CPU = Debug|Any CPU
		Debug|x64 = Debug|x64
		Debug|x86 = Debug|x86
		Release|Any CPU = Release|Any CPU
		Release|x64 = Release|x64
		Release|x86 = Release|x86
	EndGlobalSection
	GlobalSection(ProjectConfigurationPlatforms) = postSolution
		{A4DFA5F2-6113-4F8A-A6C8-80603F15DC4E}.Debug|Any CPU.ActiveCfg = Debug|Any CPU
		{A4DFA5F2-6113-4F8A-A6C8-80603F15DC4E}.Debug|Any CPU.Build.0 = Debug|Any CPU
		{A4DFA5F2-6113-4F8A-A6C8-80603F15DC4E}.Debug|x64.ActiveCfg = Debug|x64
		{A4DFA5F2-6113-4F8A-A6C8-80603F15DC4E}.Debug|x64.Build.0 = Debug|x64
		{A4DFA5F2-6113-4F8A-A6C8-80603F15DC4E}.Debug|x86.ActiveCfg = Debug|x86
		{A4DFA5F2-6113-4F8A-A6C8-80603F15DC4E}.Debug|x86.Build.0 = Debug|x86
		{A4DFA5F2-6113-4F8A-A6C8-80603F15DC4E}.Release|Any CPU.ActiveCfg = Release|Any CPU
		{A4DFA5F2-6113-4F8A-A6C8-80603F15DC4E}.Release|Any CPU.Build.0 = Release|Any CPU
		{A4DFA5F2-6113-4F8A-A6C8-80603F15DC4E}.Release|x64.ActiveCfg = Release|x64
		{A4DFA5F2-6113-4F8A-A6C8-80603F15DC4E}.Release|x64.Build.0 = Release|x64
		{A4DFA5F2-6113-4F8A-A6C8-80603F15DC4E}.Release|x86.ActiveCfg = Release|x86
		{A4DFA5F2-6113-4F8A-A6C8-80603F15DC4E}.Release|x86.Build.0 = Release|x86
	EndGlobalSection
	GlobalSection(SolutionProperties) = preSolution
		HideSolutionNode = FALSE
	EndGlobalSection
	GlobalSection(ExtensibilityGlobals) = postSolution
		SolutionGuid = {9321DA93-6479-495A-A4E4-D9813DDFFCB2}
	EndGlobalSection
EndGlobal
